// !$*UTF8*$!
{
	archiveVersion = 1;
	classes = {
	};
	objectVersion = 50;
	objects = {

/* Begin PBXBuildFile section */
		9B29BCF32344593400479BE4 /* AppView.swift in Sources */ = {isa = PBXBuildFile; fileRef = 9B29BCF22344593400479BE4 /* AppView.swift */; };
		9BCE99B6233B079E00E8DD62 /* AppDelegate.swift in Sources */ = {isa = PBXBuildFile; fileRef = 9BCE99B5233B079E00E8DD62 /* AppDelegate.swift */; };
		9BCE99B8233B079E00E8DD62 /* SceneDelegate.swift in Sources */ = {isa = PBXBuildFile; fileRef = 9BCE99B7233B079E00E8DD62 /* SceneDelegate.swift */; };
		9BCE99BC233B07A100E8DD62 /* Assets.xcassets in Resources */ = {isa = PBXBuildFile; fileRef = 9BCE99BB233B07A100E8DD62 /* Assets.xcassets */; };
		9BCE99BF233B07A100E8DD62 /* Preview Assets.xcassets in Resources */ = {isa = PBXBuildFile; fileRef = 9BCE99BE233B07A100E8DD62 /* Preview Assets.xcassets */; };
		9BCE99C2233B07A100E8DD62 /* LaunchScreen.storyboard in Resources */ = {isa = PBXBuildFile; fileRef = 9BCE99C0233B07A100E8DD62 /* LaunchScreen.storyboard */; };
		9BCE99D0233B2B3800E8DD62 /* Data.swift in Sources */ = {isa = PBXBuildFile; fileRef = 9BCE99CF233B2B3800E8DD62 /* Data.swift */; };
		CE050C6B234DBD0000EF99E8 /* CatList.swift in Sources */ = {isa = PBXBuildFile; fileRef = CE050C6A234DBD0000EF99E8 /* CatList.swift */; };
		CE050C6D234DBD3F00EF99E8 /* CatRow.swift in Sources */ = {isa = PBXBuildFile; fileRef = CE050C6C234DBD3F00EF99E8 /* CatRow.swift */; };
		CE050C6F234DBF7000EF99E8 /* Pet.swift in Sources */ = {isa = PBXBuildFile; fileRef = CE050C6E234DBF7000EF99E8 /* Pet.swift */; };
		CE050C71234DC44300EF99E8 /* CatDetail.swift in Sources */ = {isa = PBXBuildFile; fileRef = CE050C70234DC44300EF99E8 /* CatDetail.swift */; };
		CE2CA9A3234E03AB0026B4B0 /* Home.swift in Sources */ = {isa = PBXBuildFile; fileRef = CE2CA9A2234E03AB0026B4B0 /* Home.swift */; };
		CE2CA9A5234E0AC00026B4B0 /* RabbitRow.swift in Sources */ = {isa = PBXBuildFile; fileRef = CE2CA9A4234E0AC00026B4B0 /* RabbitRow.swift */; };
		CE2CA9A7234E0AD20026B4B0 /* RabbitList.swift in Sources */ = {isa = PBXBuildFile; fileRef = CE2CA9A6234E0AD20026B4B0 /* RabbitList.swift */; };
		CE2CA9A9234E0AEA0026B4B0 /* RabbitDetail.swift in Sources */ = {isa = PBXBuildFile; fileRef = CE2CA9A8234E0AEA0026B4B0 /* RabbitDetail.swift */; };
		CE3FB0DF2351B7A30031C2FB /* CatHobby.swift in Sources */ = {isa = PBXBuildFile; fileRef = CE3FB0DE2351B7A30031C2FB /* CatHobby.swift */; };
		CE3FB0E12351C3B80031C2FB /* RabbitHobby.swift in Sources */ = {isa = PBXBuildFile; fileRef = CE3FB0E02351C3B80031C2FB /* RabbitHobby.swift */; };
/* End PBXBuildFile section */

/* Begin PBXFileReference section */
		9B29BCF22344593400479BE4 /* AppView.swift */ = {isa = PBXFileReference; lastKnownFileType = sourcecode.swift; path = AppView.swift; sourceTree = "<group>"; };
		9BCE99B2233B079E00E8DD62 /* PetBook.app */ = {isa = PBXFileReference; explicitFileType = wrapper.application; includeInIndex = 0; path = PetBook.app; sourceTree = BUILT_PRODUCTS_DIR; };
		9BCE99B5233B079E00E8DD62 /* AppDelegate.swift */ = {isa = PBXFileReference; lastKnownFileType = sourcecode.swift; path = AppDelegate.swift; sourceTree = "<group>"; };
		9BCE99B7233B079E00E8DD62 /* SceneDelegate.swift */ = {isa = PBXFileReference; lastKnownFileType = sourcecode.swift; path = SceneDelegate.swift; sourceTree = "<group>"; };
		9BCE99BB233B07A100E8DD62 /* Assets.xcassets */ = {isa = PBXFileReference; lastKnownFileType = folder.assetcatalog; path = Assets.xcassets; sourceTree = "<group>"; };
		9BCE99BE233B07A100E8DD62 /* Preview Assets.xcassets */ = {isa = PBXFileReference; lastKnownFileType = folder.assetcatalog; path = "Preview Assets.xcassets"; sourceTree = "<group>"; };
		9BCE99C1233B07A100E8DD62 /* Base */ = {isa = PBXFileReference; lastKnownFileType = file.storyboard; name = Base; path = Base.lproj/LaunchScreen.storyboard; sourceTree = "<group>"; };
		9BCE99C3233B07A100E8DD62 /* Info.plist */ = {isa = PBXFileReference; lastKnownFileType = text.plist.xml; path = Info.plist; sourceTree = "<group>"; };
		9BCE99CF233B2B3800E8DD62 /* Data.swift */ = {isa = PBXFileReference; lastKnownFileType = sourcecode.swift; path = Data.swift; sourceTree = "<group>"; };
		CE050C6A234DBD0000EF99E8 /* CatList.swift */ = {isa = PBXFileReference; lastKnownFileType = sourcecode.swift; path = CatList.swift; sourceTree = "<group>"; };
		CE050C6C234DBD3F00EF99E8 /* CatRow.swift */ = {isa = PBXFileReference; lastKnownFileType = sourcecode.swift; path = CatRow.swift; sourceTree = "<group>"; };
		CE050C6E234DBF7000EF99E8 /* Pet.swift */ = {isa = PBXFileReference; lastKnownFileType = sourcecode.swift; path = Pet.swift; sourceTree = "<group>"; };
		CE050C70234DC44300EF99E8 /* CatDetail.swift */ = {isa = PBXFileReference; lastKnownFileType = sourcecode.swift; path = CatDetail.swift; sourceTree = "<group>"; };
		CE2CA9A2234E03AB0026B4B0 /* Home.swift */ = {isa = PBXFileReference; lastKnownFileType = sourcecode.swift; path = Home.swift; sourceTree = "<group>"; };
		CE2CA9A4234E0AC00026B4B0 /* RabbitRow.swift */ = {isa = PBXFileReference; lastKnownFileType = sourcecode.swift; path = RabbitRow.swift; sourceTree = "<group>"; };
		CE2CA9A6234E0AD20026B4B0 /* RabbitList.swift */ = {isa = PBXFileReference; lastKnownFileType = sourcecode.swift; path = RabbitList.swift; sourceTree = "<group>"; };
		CE2CA9A8234E0AEA0026B4B0 /* RabbitDetail.swift */ = {isa = PBXFileReference; lastKnownFileType = sourcecode.swift; path = RabbitDetail.swift; sourceTree = "<group>"; };
		CE3FB0DE2351B7A30031C2FB /* CatHobby.swift */ = {isa = PBXFileReference; lastKnownFileType = sourcecode.swift; path = CatHobby.swift; sourceTree = "<group>"; };
		CE3FB0E02351C3B80031C2FB /* RabbitHobby.swift */ = {isa = PBXFileReference; lastKnownFileType = sourcecode.swift; path = RabbitHobby.swift; sourceTree = "<group>"; };
		CED993F42351CEE900D3E05B /* PetBook.entitlements */ = {isa = PBXFileReference; lastKnownFileType = text.plist.entitlements; path = PetBook.entitlements; sourceTree = "<group>"; };
/* End PBXFileReference section */

/* Begin PBXFrameworksBuildPhase section */
		9BCE99AF233B079E00E8DD62 /* Frameworks */ = {
			isa = PBXFrameworksBuildPhase;
			buildActionMask = 2147483647;
			files = (
			);
			runOnlyForDeploymentPostprocessing = 0;
		};
/* End PBXFrameworksBuildPhase section */

/* Begin PBXGroup section */
		9BCE99A9233B079D00E8DD62 = {
			isa = PBXGroup;
			children = (
				CED993F42351CEE900D3E05B /* PetBook.entitlements */,
				9BCE99B4233B079E00E8DD62 /* DemoBook */,
				9BCE99B3233B079E00E8DD62 /* Products */,
			);
			sourceTree = "<group>";
		};
		9BCE99B3233B079E00E8DD62 /* Products */ = {
			isa = PBXGroup;
			children = (
				9BCE99B2233B079E00E8DD62 /* PetBook.app */,
			);
			name = Products;
			sourceTree = "<group>";
		};
		9BCE99B4233B079E00E8DD62 /* DemoBook */ = {
			isa = PBXGroup;
			children = (
				9BCE99B5233B079E00E8DD62 /* AppDelegate.swift */,
				9BCE99B7233B079E00E8DD62 /* SceneDelegate.swift */,
				CE050C6E234DBF7000EF99E8 /* Pet.swift */,
				CE050C6C234DBD3F00EF99E8 /* CatRow.swift */,
				CE050C6A234DBD0000EF99E8 /* CatList.swift */,
				CE050C70234DC44300EF99E8 /* CatDetail.swift */,
				CE2CA9A4234E0AC00026B4B0 /* RabbitRow.swift */,
				CE2CA9A6234E0AD20026B4B0 /* RabbitList.swift */,
				CE2CA9A8234E0AEA0026B4B0 /* RabbitDetail.swift */,
				9B29BCF22344593400479BE4 /* AppView.swift */,
				CE3FB0E02351C3B80031C2FB /* RabbitHobby.swift */,
				CE2CA9A2234E03AB0026B4B0 /* Home.swift */,
				CE3FB0DE2351B7A30031C2FB /* CatHobby.swift */,
				9BCE99BB233B07A100E8DD62 /* Assets.xcassets */,
				9BCE99CF233B2B3800E8DD62 /* Data.swift */,
				9BCE99C0233B07A100E8DD62 /* LaunchScreen.storyboard */,
				9BCE99C3233B07A100E8DD62 /* Info.plist */,
				9BCE99BD233B07A100E8DD62 /* Preview Content */,
			);
			path = DemoBook;
			sourceTree = "<group>";
		};
		9BCE99BD233B07A100E8DD62 /* Preview Content */ = {
			isa = PBXGroup;
			children = (
				9BCE99BE233B07A100E8DD62 /* Preview Assets.xcassets */,
			);
			path = "Preview Content";
			sourceTree = "<group>";
		};
/* End PBXGroup section */

/* Begin PBXNativeTarget section */
		9BCE99B1233B079E00E8DD62 /* PetBook */ = {
			isa = PBXNativeTarget;
			buildConfigurationList = 9BCE99C6233B07A100E8DD62 /* Build configuration list for PBXNativeTarget "PetBook" */;
			buildPhases = (
				9BCE99AE233B079E00E8DD62 /* Sources */,
				9BCE99AF233B079E00E8DD62 /* Frameworks */,
				9BCE99B0233B079E00E8DD62 /* Resources */,
			);
			buildRules = (
			);
			dependencies = (
			);
			name = PetBook;
			productName = DemoBook;
			productReference = 9BCE99B2233B079E00E8DD62 /* PetBook.app */;
			productType = "com.apple.product-type.application";
		};
/* End PBXNativeTarget section */

/* Begin PBXProject section */
		9BCE99AA233B079D00E8DD62 /* Project object */ = {
			isa = PBXProject;
			attributes = {
				LastSwiftUpdateCheck = 1100;
				LastUpgradeCheck = 1100;
				ORGANIZATIONNAME = "SHIH-YING PAN";
				TargetAttributes = {
					9BCE99B1233B079E00E8DD62 = {
						CreatedOnToolsVersion = 11.0;
					};
				};
			};
			buildConfigurationList = 9BCE99AD233B079D00E8DD62 /* Build configuration list for PBXProject "PetBook" */;
			compatibilityVersion = "Xcode 9.3";
			developmentRegion = en;
			hasScannedForEncodings = 0;
			knownRegions = (
				en,
				Base,
			);
			mainGroup = 9BCE99A9233B079D00E8DD62;
			productRefGroup = 9BCE99B3233B079E00E8DD62 /* Products */;
			projectDirPath = "";
			projectRoot = "";
			targets = (
				9BCE99B1233B079E00E8DD62 /* PetBook */,
			);
		};
/* End PBXProject section */

/* Begin PBXResourcesBuildPhase section */
		9BCE99B0233B079E00E8DD62 /* Resources */ = {
			isa = PBXResourcesBuildPhase;
			buildActionMask = 2147483647;
			files = (
				9BCE99C2233B07A100E8DD62 /* LaunchScreen.storyboard in Resources */,
				9BCE99BF233B07A100E8DD62 /* Preview Assets.xcassets in Resources */,
				9BCE99BC233B07A100E8DD62 /* Assets.xcassets in Resources */,
			);
			runOnlyForDeploymentPostprocessing = 0;
		};
/* End PBXResourcesBuildPhase section */

/* Begin PBXSourcesBuildPhase section */
		9BCE99AE233B079E00E8DD62 /* Sources */ = {
			isa = PBXSourcesBuildPhase;
			buildActionMask = 2147483647;
			files = (
				9BCE99D0233B2B3800E8DD62 /* Data.swift in Sources */,
				9BCE99B6233B079E00E8DD62 /* AppDelegate.swift in Sources */,
				CE050C6F234DBF7000EF99E8 /* Pet.swift in Sources */,
				CE2CA9A3234E03AB0026B4B0 /* Home.swift in Sources */,
				CE050C6B234DBD0000EF99E8 /* CatList.swift in Sources */,
				CE050C71234DC44300EF99E8 /* CatDetail.swift in Sources */,
				9BCE99B8233B079E00E8DD62 /* SceneDelegate.swift in Sources */,
				CE2CA9A7234E0AD20026B4B0 /* RabbitList.swift in Sources */,
				9B29BCF32344593400479BE4 /* AppView.swift in Sources */,
				CE3FB0E12351C3B80031C2FB /* RabbitHobby.swift in Sources */,
				CE2CA9A5234E0AC00026B4B0 /* RabbitRow.swift in Sources */,
				CE2CA9A9234E0AEA0026B4B0 /* RabbitDetail.swift in Sources */,
				CE050C6D234DBD3F00EF99E8 /* CatRow.swift in Sources */,
				CE3FB0DF2351B7A30031C2FB /* CatHobby.swift in Sources */,
			);
			runOnlyForDeploymentPostprocessing = 0;
		};
/* End PBXSourcesBuildPhase section */

/* Begin PBXVariantGroup section */
		9BCE99C0233B07A100E8DD62 /* LaunchScreen.storyboard */ = {
			isa = PBXVariantGroup;
			children = (
				9BCE99C1233B07A100E8DD62 /* Base */,
			);
			name = LaunchScreen.storyboard;
			sourceTree = "<group>";
		};
/* End PBXVariantGroup section */

/* Begin XCBuildConfiguration section */
		9BCE99C4233B07A100E8DD62 /* Debug */ = {
			isa = XCBuildConfiguration;
			buildSettings = {
				ALWAYS_SEARCH_USER_PATHS = NO;
				CLANG_ANALYZER_NONNULL = YES;
				CLANG_ANALYZER_NUMBER_OBJECT_CONVERSION = YES_AGGRESSIVE;
				CLANG_CXX_LANGUAGE_STANDARD = "gnu++14";
				CLANG_CXX_LIBRARY = "libc++";
				CLANG_ENABLE_MODULES = YES;
				CLANG_ENABLE_OBJC_ARC = YES;
				CLANG_ENABLE_OBJC_WEAK = YES;
				CLANG_WARN_BLOCK_CAPTURE_AUTORELEASING = YES;
				CLANG_WARN_BOOL_CONVERSION = YES;
				CLANG_WARN_COMMA = YES;
				CLANG_WARN_CONSTANT_CONVERSION = YES;
				CLANG_WARN_DEPRECATED_OBJC_IMPLEMENTATIONS = YES;
				CLANG_WARN_DIRECT_OBJC_ISA_USAGE = YES_ERROR;
				CLANG_WARN_DOCUMENTATION_COMMENTS = YES;
				CLANG_WARN_EMPTY_BODY = YES;
				CLANG_WARN_ENUM_CONVERSION = YES;
				CLANG_WARN_INFINITE_RECURSION = YES;
				CLANG_WARN_INT_CONVERSION = YES;
				CLANG_WARN_NON_LITERAL_NULL_CONVERSION = YES;
				CLANG_WARN_OBJC_IMPLICIT_RETAIN_SELF = YES;
				CLANG_WARN_OBJC_LITERAL_CONVERSION = YES;
				CLANG_WARN_OBJC_ROOT_CLASS = YES_ERROR;
				CLANG_WARN_RANGE_LOOP_ANALYSIS = YES;
				CLANG_WARN_STRICT_PROTOTYPES = YES;
				CLANG_WARN_SUSPICIOUS_MOVE = YES;
				CLANG_WARN_UNGUARDED_AVAILABILITY = YES_AGGRESSIVE;
				CLANG_WARN_UNREACHABLE_CODE = YES;
				CLANG_WARN__DUPLICATE_METHOD_MATCH = YES;
				COPY_PHASE_STRIP = NO;
				DEBUG_INFORMATION_FORMAT = dwarf;
				ENABLE_STRICT_OBJC_MSGSEND = YES;
				ENABLE_TESTABILITY = YES;
				GCC_C_LANGUAGE_STANDARD = gnu11;
				GCC_DYNAMIC_NO_PIC = NO;
				GCC_NO_COMMON_BLOCKS = YES;
				GCC_OPTIMIZATION_LEVEL = 0;
				GCC_PREPROCESSOR_DEFINITIONS = (
					"DEBUG=1",
					"$(inherited)",
				);
				GCC_WARN_64_TO_32_BIT_CONVERSION = YES;
				GCC_WARN_ABOUT_RETURN_TYPE = YES_ERROR;
				GCC_WARN_UNDECLARED_SELECTOR = YES;
				GCC_WARN_UNINITIALIZED_AUTOS = YES_AGGRESSIVE;
				GCC_WARN_UNUSED_FUNCTION = YES;
				GCC_WARN_UNUSED_VARIABLE = YES;
				IPHONEOS_DEPLOYMENT_TARGET = 13.0;
				MTL_ENABLE_DEBUG_INFO = INCLUDE_SOURCE;
				MTL_FAST_MATH = YES;
				ONLY_ACTIVE_ARCH = YES;
				SDKROOT = iphoneos;
				SWIFT_ACTIVE_COMPILATION_CONDITIONS = DEBUG;
				SWIFT_OPTIMIZATION_LEVEL = "-Onone";
			};
			name = Debug;
		};
		9BCE99C5233B07A100E8DD62 /* Release */ = {
			isa = XCBuildConfiguration;
			buildSettings = {
				ALWAYS_SEARCH_USER_PATHS = NO;
				CLANG_ANALYZER_NONNULL = YES;
				CLANG_ANALYZER_NUMBER_OBJECT_CONVERSION = YES_AGGRESSIVE;
				CLANG_CXX_LANGUAGE_STANDARD = "gnu++14";
				CLANG_CXX_LIBRARY = "libc++";
				CLANG_ENABLE_MODULES = YES;
				CLANG_ENABLE_OBJC_ARC = YES;
				CLANG_ENABLE_OBJC_WEAK = YES;
				CLANG_WARN_BLOCK_CAPTURE_AUTORELEASING = YES;
				CLANG_WARN_BOOL_CONVERSION = YES;
				CLANG_WARN_COMMA = YES;
				CLANG_WARN_CONSTANT_CONVERSION = YES;
				CLANG_WARN_DEPRECATED_OBJC_IMPLEMENTATIONS = YES;
				CLANG_WARN_DIRECT_OBJC_ISA_USAGE = YES_ERROR;
				CLANG_WARN_DOCUMENTATION_COMMENTS = YES;
				CLANG_WARN_EMPTY_BODY = YES;
				CLANG_WARN_ENUM_CONVERSION = YES;
				CLANG_WARN_INFINITE_RECURSION = YES;
				CLANG_WARN_INT_CONVERSION = YES;
				CLANG_WARN_NON_LITERAL_NULL_CONVERSION = YES;
				CLANG_WARN_OBJC_IMPLICIT_RETAIN_SELF = YES;
				CLANG_WARN_OBJC_LITERAL_CONVERSION = YES;
				CLANG_WARN_OBJC_ROOT_CLASS = YES_ERROR;
				CLANG_WARN_RANGE_LOOP_ANALYSIS = YES;
				CLANG_WARN_STRICT_PROTOTYPES = YES;
				CLANG_WARN_SUSPICIOUS_MOVE = YES;
				CLANG_WARN_UNGUARDED_AVAILABILITY = YES_AGGRESSIVE;
				CLANG_WARN_UNREACHABLE_CODE = YES;
				CLANG_WARN__DUPLICATE_METHOD_MATCH = YES;
				COPY_PHASE_STRIP = NO;
				DEBUG_INFORMATION_FORMAT = "dwarf-with-dsym";
				ENABLE_NS_ASSERTIONS = NO;
				ENABLE_STRICT_OBJC_MSGSEND = YES;
				GCC_C_LANGUAGE_STANDARD = gnu11;
				GCC_NO_COMMON_BLOCKS = YES;
				GCC_WARN_64_TO_32_BIT_CONVERSION = YES;
				GCC_WARN_ABOUT_RETURN_TYPE = YES_ERROR;
				GCC_WARN_UNDECLARED_SELECTOR = YES;
				GCC_WARN_UNINITIALIZED_AUTOS = YES_AGGRESSIVE;
				GCC_WARN_UNUSED_FUNCTION = YES;
				GCC_WARN_UNUSED_VARIABLE = YES;
				IPHONEOS_DEPLOYMENT_TARGET = 13.0;
				MTL_ENABLE_DEBUG_INFO = NO;
				MTL_FAST_MATH = YES;
				SDKROOT = iphoneos;
				SWIFT_COMPILATION_MODE = wholemodule;
				SWIFT_OPTIMIZATION_LEVEL = "-O";
				VALIDATE_PRODUCT = YES;
			};
			name = Release;
		};
		9BCE99C7233B07A100E8DD62 /* Debug */ = {
			isa = XCBuildConfiguration;
			buildSettings = {
				ASSETCATALOG_COMPILER_APPICON_NAME = AppIcon;
				CODE_SIGN_ENTITLEMENTS = PetBook.entitlements;
				"CODE_SIGN_IDENTITY[sdk=macosx*]" = "-";
				CODE_SIGN_STYLE = Automatic;
				DERIVE_MACCATALYST_PRODUCT_BUNDLE_IDENTIFIER = YES;
				DEVELOPMENT_ASSET_PATHS = "\"DemoBook/Preview Content\"";
				ENABLE_PREVIEWS = YES;
				INFOPLIST_FILE = DemoBook/Info.plist;
				LD_RUNPATH_SEARCH_PATHS = (
					"$(inherited)",
					"@executable_path/Frameworks",
				);
				PRODUCT_BUNDLE_IDENTIFIER = HW2;
				PRODUCT_NAME = PetBook;
				SUPPORTS_MACCATALYST = YES;
				SWIFT_VERSION = 5.0;
				TARGETED_DEVICE_FAMILY = "1,2";
			};
			name = Debug;
		};
		9BCE99C8233B07A100E8DD62 /* Release */ = {
			isa = XCBuildConfiguration;
			buildSettings = {
				ASSETCATALOG_COMPILER_APPICON_NAME = AppIcon;
				CODE_SIGN_ENTITLEMENTS = PetBook.entitlements;
				"CODE_SIGN_IDENTITY[sdk=macosx*]" = "-";
				CODE_SIGN_STYLE = Automatic;
				DERIVE_MACCATALYST_PRODUCT_BUNDLE_IDENTIFIER = YES;
				DEVELOPMENT_ASSET_PATHS = "\"DemoBook/Preview Content\"";
				ENABLE_PREVIEWS = YES;
				INFOPLIST_FILE = DemoBook/Info.plist;
				LD_RUNPATH_SEARCH_PATHS = (
					"$(inherited)",
					"@executable_path/Frameworks",
				);
				PRODUCT_BUNDLE_IDENTIFIER = HW2;
				PRODUCT_NAME = PetBook;
				SUPPORTS_MACCATALYST = YES;
				SWIFT_VERSION = 5.0;
				TARGETED_DEVICE_FAMILY = "1,2";
			};
			name = Release;
		};
/* End XCBuildConfiguration section */

/* Begin XCConfigurationList section */
		9BCE99AD233B079D00E8DD62 /* Build configuration list for PBXProject "PetBook" */ = {
			isa = XCConfigurationList;
			buildConfigurations = (
				9BCE99C4233B07A100E8DD62 /* Debug */,
				9BCE99C5233B07A100E8DD62 /* Release */,
			);
			defaultConfigurationIsVisible = 0;
			defaultConfigurationName = Release;
		};
		9BCE99C6233B07A100E8DD62 /* Build configuration list for PBXNativeTarget "PetBook" */ = {
			isa = XCConfigurationList;
			buildConfigurations = (
				9BCE99C7233B07A100E8DD62 /* Debug */,
				9BCE99C8233B07A100E8DD62 /* Release */,
			);
			defaultConfigurationIsVisible = 0;
			defaultConfigurationName = Release;
		};
/* End XCConfigurationList section */
	};
	rootObject = 9BCE99AA233B079D00E8DD62 /* Project object */;
}
